// !$*UTF8*$!
{
	archiveVersion = 1;
	classes = {
	};
	objectVersion = 46;
	objects = {

/* Begin PBXBuildFile section */
		97EBD4D51A3A55990062F3D0 /* AppDelegate.swift in Sources */ = {isa = PBXBuildFile; fileRef = 97EBD4D41A3A55990062F3D0 /* AppDelegate.swift */; };
		97EBD4D71A3A55990062F3D0 /* ViewController.swift in Sources */ = {isa = PBXBuildFile; fileRef = 97EBD4D61A3A55990062F3D0 /* ViewController.swift */; };
		97EBD4DA1A3A55990062F3D0 /* Main.storyboard in Resources */ = {isa = PBXBuildFile; fileRef = 97EBD4D81A3A55990062F3D0 /* Main.storyboard */; };
		97EBD4DC1A3A55990062F3D0 /* Images.xcassets in Resources */ = {isa = PBXBuildFile; fileRef = 97EBD4DB1A3A55990062F3D0 /* Images.xcassets */; };
		97EBD4DF1A3A55990062F3D0 /* LaunchScreen.xib in Resources */ = {isa = PBXBuildFile; fileRef = 97EBD4DD1A3A55990062F3D0 /* LaunchScreen.xib */; };
		97EBD4EB1A3A55990062F3D0 /* LionsAndTigersTests.swift in Sources */ = {isa = PBXBuildFile; fileRef = 97EBD4EA1A3A55990062F3D0 /* LionsAndTigersTests.swift */; };
		97EBD4F51A3A59B10062F3D0 /* Tiger.swift in Sources */ = {isa = PBXBuildFile; fileRef = 97EBD4F41A3A59B10062F3D0 /* Tiger.swift */; };
		97EBD4FE1A3A5D470062F3D0 /* BengalTiger.jpg in Resources */ = {isa = PBXBuildFile; fileRef = 97EBD4F61A3A5D470062F3D0 /* BengalTiger.jpg */; };
		97EBD4FF1A3A5D470062F3D0 /* IndochineseTiger.jpg in Resources */ = {isa = PBXBuildFile; fileRef = 97EBD4F71A3A5D470062F3D0 /* IndochineseTiger.jpg */; };
		97EBD5001A3A5D470062F3D0 /* Lion.jpg in Resources */ = {isa = PBXBuildFile; fileRef = 97EBD4F81A3A5D470062F3D0 /* Lion.jpg */; };
		97EBD5011A3A5D470062F3D0 /* LionCub1.jpg in Resources */ = {isa = PBXBuildFile; fileRef = 97EBD4F91A3A5D470062F3D0 /* LionCub1.jpg */; };
		97EBD5021A3A5D470062F3D0 /* LionCub2.jpeg in Resources */ = {isa = PBXBuildFile; fileRef = 97EBD4FA1A3A5D470062F3D0 /* LionCub2.jpeg */; };
		97EBD5031A3A5D470062F3D0 /* Lioness.jpeg in Resources */ = {isa = PBXBuildFile; fileRef = 97EBD4FB1A3A5D470062F3D0 /* Lioness.jpeg */; };
		97EBD5041A3A5D470062F3D0 /* MalayanTiger.jpg in Resources */ = {isa = PBXBuildFile; fileRef = 97EBD4FC1A3A5D470062F3D0 /* MalayanTiger.jpg */; };
		97EBD5051A3A5D470062F3D0 /* SiberianTiger.jpg in Resources */ = {isa = PBXBuildFile; fileRef = 97EBD4FD1A3A5D470062F3D0 /* SiberianTiger.jpg */; };
/* End PBXBuildFile section */

/* Begin PBXContainerItemProxy section */
		97EBD4E51A3A55990062F3D0 /* PBXContainerItemProxy */ = {
			isa = PBXContainerItemProxy;
			containerPortal = 97EBD4C71A3A55990062F3D0 /* Project object */;
			proxyType = 1;
			remoteGlobalIDString = 97EBD4CE1A3A55990062F3D0;
			remoteInfo = LionsAndTigers;
		};
/* End PBXContainerItemProxy section */

/* Begin PBXFileReference section */
		97EBD4CF1A3A55990062F3D0 /* LionsAndTigers.app */ = {isa = PBXFileReference; explicitFileType = wrapper.application; includeInIndex = 0; path = LionsAndTigers.app; sourceTree = BUILT_PRODUCTS_DIR; };
		97EBD4D31A3A55990062F3D0 /* Info.plist */ = {isa = PBXFileReference; lastKnownFileType = text.plist.xml; path = Info.plist; sourceTree = "<group>"; };
		97EBD4D41A3A55990062F3D0 /* AppDelegate.swift */ = {isa = PBXFileReference; lastKnownFileType = sourcecode.swift; path = AppDelegate.swift; sourceTree = "<group>"; };
		97EBD4D61A3A55990062F3D0 /* ViewController.swift */ = {isa = PBXFileReference; lastKnownFileType = sourcecode.swift; path = ViewController.swift; sourceTree = "<group>"; };
		97EBD4D91A3A55990062F3D0 /* Base */ = {isa = PBXFileReference; lastKnownFileType = file.storyboard; name = Base; path = Base.lproj/Main.storyboard; sourceTree = "<group>"; };
		97EBD4DB1A3A55990062F3D0 /* Images.xcassets */ = {isa = PBXFileReference; lastKnownFileType = folder.assetcatalog; path = Images.xcassets; sourceTree = "<group>"; };
		97EBD4DE1A3A55990062F3D0 /* Base */ = {isa = PBXFileReference; lastKnownFileType = file.xib; name = Base; path = Base.lproj/LaunchScreen.xib; sourceTree = "<group>"; };
		97EBD4E41A3A55990062F3D0 /* LionsAndTigersTests.xctest */ = {isa = PBXFileReference; explicitFileType = wrapper.cfbundle; includeInIndex = 0; path = LionsAndTigersTests.xctest; sourceTree = BUILT_PRODUCTS_DIR; };
		97EBD4E91A3A55990062F3D0 /* Info.plist */ = {isa = PBXFileReference; lastKnownFileType = text.plist.xml; path = Info.plist; sourceTree = "<group>"; };
		97EBD4EA1A3A55990062F3D0 /* LionsAndTigersTests.swift */ = {isa = PBXFileReference; lastKnownFileType = sourcecode.swift; path = LionsAndTigersTests.swift; sourceTree = "<group>"; };
		97EBD4F41A3A59B10062F3D0 /* Tiger.swift */ = {isa = PBXFileReference; fileEncoding = 4; lastKnownFileType = sourcecode.swift; path = Tiger.swift; sourceTree = "<group>"; };
		97EBD4F61A3A5D470062F3D0 /* BengalTiger.jpg */ = {isa = PBXFileReference; lastKnownFileType = image.jpeg; path = BengalTiger.jpg; sourceTree = "<group>"; };
		97EBD4F71A3A5D470062F3D0 /* IndochineseTiger.jpg */ = {isa = PBXFileReference; lastKnownFileType = image.jpeg; path = IndochineseTiger.jpg; sourceTree = "<group>"; };
		97EBD4F81A3A5D470062F3D0 /* Lion.jpg */ = {isa = PBXFileReference; lastKnownFileType = image.jpeg; path = Lion.jpg; sourceTree = "<group>"; };
		97EBD4F91A3A5D470062F3D0 /* LionCub1.jpg */ = {isa = PBXFileReference; lastKnownFileType = image.jpeg; path = LionCub1.jpg; sourceTree = "<group>"; };
		97EBD4FA1A3A5D470062F3D0 /* LionCub2.jpeg */ = {isa = PBXFileReference; lastKnownFileType = image.jpeg; path = LionCub2.jpeg; sourceTree = "<group>"; };
		97EBD4FB1A3A5D470062F3D0 /* Lioness.jpeg */ = {isa = PBXFileReference; lastKnownFileType = image.jpeg; path = Lioness.jpeg; sourceTree = "<group>"; };
		97EBD4FC1A3A5D470062F3D0 /* MalayanTiger.jpg */ = {isa = PBXFileReference; lastKnownFileType = image.jpeg; path = MalayanTiger.jpg; sourceTree = "<group>"; };
		97EBD4FD1A3A5D470062F3D0 /* SiberianTiger.jpg */ = {isa = PBXFileReference; lastKnownFileType = image.jpeg; path = SiberianTiger.jpg; sourceTree = "<group>"; };
/* End PBXFileReference section */

/* Begin PBXFrameworksBuildPhase section */
		97EBD4CC1A3A55990062F3D0 /* Frameworks */ = {
			isa = PBXFrameworksBuildPhase;
			buildActionMask = 2147483647;
			files = (
			);
			runOnlyForDeploymentPostprocessing = 0;
		};
		97EBD4E11A3A55990062F3D0 /* Frameworks */ = {
			isa = PBXFrameworksBuildPhase;
			buildActionMask = 2147483647;
			files = (
			);
			runOnlyForDeploymentPostprocessing = 0;
		};
/* End PBXFrameworksBuildPhase section */

/* Begin PBXGroup section */
		97EBD4C61A3A55990062F3D0 = {
			isa = PBXGroup;
			children = (
				97EBD4D11A3A55990062F3D0 /* LionsAndTigers */,
				97EBD4E71A3A55990062F3D0 /* LionsAndTigersTests */,
				97EBD4D01A3A55990062F3D0 /* Products */,
			);
			sourceTree = "<group>";
		};
		97EBD4D01A3A55990062F3D0 /* Products */ = {
			isa = PBXGroup;
			children = (
				97EBD4CF1A3A55990062F3D0 /* LionsAndTigers.app */,
				97EBD4E41A3A55990062F3D0 /* LionsAndTigersTests.xctest */,
			);
			name = Products;
			sourceTree = "<group>";
		};
		97EBD4D11A3A55990062F3D0 /* LionsAndTigers */ = {
			isa = PBXGroup;
			children = (
				97EBD4D41A3A55990062F3D0 /* AppDelegate.swift */,
				97EBD4D61A3A55990062F3D0 /* ViewController.swift */,
				97EBD4F41A3A59B10062F3D0 /* Tiger.swift */,
				97EBD4D81A3A55990062F3D0 /* Main.storyboard */,
				97EBD4DB1A3A55990062F3D0 /* Images.xcassets */,
				97EBD4DD1A3A55990062F3D0 /* LaunchScreen.xib */,
				97EBD4D21A3A55990062F3D0 /* Supporting Files */,
			);
			path = LionsAndTigers;
			sourceTree = "<group>";
		};
		97EBD4D21A3A55990062F3D0 /* Supporting Files */ = {
			isa = PBXGroup;
			children = (
				97EBD4F61A3A5D470062F3D0 /* BengalTiger.jpg */,
				97EBD4F71A3A5D470062F3D0 /* IndochineseTiger.jpg */,
				97EBD4F81A3A5D470062F3D0 /* Lion.jpg */,
				97EBD4F91A3A5D470062F3D0 /* LionCub1.jpg */,
				97EBD4FA1A3A5D470062F3D0 /* LionCub2.jpeg */,
				97EBD4FB1A3A5D470062F3D0 /* Lioness.jpeg */,
				97EBD4FC1A3A5D470062F3D0 /* MalayanTiger.jpg */,
				97EBD4FD1A3A5D470062F3D0 /* SiberianTiger.jpg */,
				97EBD4D31A3A55990062F3D0 /* Info.plist */,
			);
			name = "Supporting Files";
			sourceTree = "<group>";
		};
		97EBD4E71A3A55990062F3D0 /* LionsAndTigersTests */ = {
			isa = PBXGroup;
			children = (
				97EBD4EA1A3A55990062F3D0 /* LionsAndTigersTests.swift */,
				97EBD4E81A3A55990062F3D0 /* Supporting Files */,
			);
			path = LionsAndTigersTests;
			sourceTree = "<group>";
		};
		97EBD4E81A3A55990062F3D0 /* Supporting Files */ = {
			isa = PBXGroup;
			children = (
				97EBD4E91A3A55990062F3D0 /* Info.plist */,
			);
			name = "Supporting Files";
			sourceTree = "<group>";
		};
/* End PBXGroup section */

/* Begin PBXNativeTarget section */
		97EBD4CE1A3A55990062F3D0 /* LionsAndTigers */ = {
			isa = PBXNativeTarget;
			buildConfigurationList = 97EBD4EE1A3A55990062F3D0 /* Build configuration list for PBXNativeTarget "LionsAndTigers" */;
			buildPhases = (
				97EBD4CB1A3A55990062F3D0 /* Sources */,
				97EBD4CC1A3A55990062F3D0 /* Frameworks */,
				97EBD4CD1A3A55990062F3D0 /* Resources */,
			);
			buildRules = (
			);
			dependencies = (
			);
			name = LionsAndTigers;
			productName = LionsAndTigers;
			productReference = 97EBD4CF1A3A55990062F3D0 /* LionsAndTigers.app */;
			productType = "com.apple.product-type.application";
		};
		97EBD4E31A3A55990062F3D0 /* LionsAndTigersTests */ = {
			isa = PBXNativeTarget;
			buildConfigurationList = 97EBD4F11A3A55990062F3D0 /* Build configuration list for PBXNativeTarget "LionsAndTigersTests" */;
			buildPhases = (
				97EBD4E01A3A55990062F3D0 /* Sources */,
				97EBD4E11A3A55990062F3D0 /* Frameworks */,
				97EBD4E21A3A55990062F3D0 /* Resources */,
			);
			buildRules = (
			);
			dependencies = (
				97EBD4E61A3A55990062F3D0 /* PBXTargetDependency */,
			);
			name = LionsAndTigersTests;
			productName = LionsAndTigersTests;
			productReference = 97EBD4E41A3A55990062F3D0 /* LionsAndTigersTests.xctest */;
			productType = "com.apple.product-type.bundle.unit-test";
		};
/* End PBXNativeTarget section */

/* Begin PBXProject section */
		97EBD4C71A3A55990062F3D0 /* Project object */ = {
			isa = PBXProject;
			attributes = {
				LastUpgradeCheck = 0600;
				ORGANIZATIONNAME = "Addo Labs";
				TargetAttributes = {
					97EBD4CE1A3A55990062F3D0 = {
						CreatedOnToolsVersion = 6.0;
					};
					97EBD4E31A3A55990062F3D0 = {
						CreatedOnToolsVersion = 6.0;
						TestTargetID = 97EBD4CE1A3A55990062F3D0;
					};
				};
			};
			buildConfigurationList = 97EBD4CA1A3A55990062F3D0 /* Build configuration list for PBXProject "LionsAndTigers" */;
			compatibilityVersion = "Xcode 3.2";
			developmentRegion = English;
			hasScannedForEncodings = 0;
			knownRegions = (
				en,
				Base,
			);
			mainGroup = 97EBD4C61A3A55990062F3D0;
			productRefGroup = 97EBD4D01A3A55990062F3D0 /* Products */;
			projectDirPath = "";
			projectRoot = "";
			targets = (
				97EBD4CE1A3A55990062F3D0 /* LionsAndTigers */,
				97EBD4E31A3A55990062F3D0 /* LionsAndTigersTests */,
			);
		};
/* End PBXProject section */

/* Begin PBXResourcesBuildPhase section */
		97EBD4CD1A3A55990062F3D0 /* Resources */ = {
			isa = PBXResourcesBuildPhase;
			buildActionMask = 2147483647;
			files = (
				97EBD4FF1A3A5D470062F3D0 /* IndochineseTiger.jpg in Resources */,
				97EBD4DA1A3A55990062F3D0 /* Main.storyboard in Resources */,
				97EBD4DF1A3A55990062F3D0 /* LaunchScreen.xib in Resources */,
				97EBD5031A3A5D470062F3D0 /* Lioness.jpeg in Resources */,
				97EBD5011A3A5D470062F3D0 /* LionCub1.jpg in Resources */,
				97EBD5041A3A5D470062F3D0 /* MalayanTiger.jpg in Resources */,
				97EBD5051A3A5D470062F3D0 /* SiberianTiger.jpg in Resources */,
				97EBD4FE1A3A5D470062F3D0 /* BengalTiger.jpg in Resources */,
				97EBD4DC1A3A55990062F3D0 /* Images.xcassets in Resources */,
				97EBD5001A3A5D470062F3D0 /* Lion.jpg in Resources */,
				97EBD5021A3A5D470062F3D0 /* LionCub2.jpeg in Resources */,
			);
			runOnlyForDeploymentPostprocessing = 0;
		};
		97EBD4E21A3A55990062F3D0 /* Resources */ = {
			isa = PBXResourcesBuildPhase;
			buildActionMask = 2147483647;
			files = (
			);
			runOnlyForDeploymentPostprocessing = 0;
		};
/* End PBXResourcesBuildPhase section */

/* Begin PBXSourcesBuildPhase section */
		97EBD4CB1A3A55990062F3D0 /* Sources */ = {
			isa = PBXSourcesBuildPhase;
			buildActionMask = 2147483647;
			files = (
				97EBD4D71A3A55990062F3D0 /* ViewController.swift in Sources */,
				97EBD4F51A3A59B10062F3D0 /* Tiger.swift in Sources */,
				97EBD4D51A3A55990062F3D0 /* AppDelegate.swift in Sources */,
			);
			runOnlyForDeploymentPostprocessing = 0;
		};
		97EBD4E01A3A55990062F3D0 /* Sources */ = {
			isa = PBXSourcesBuildPhase;
			buildActionMask = 2147483647;
			files = (
				97EBD4EB1A3A55990062F3D0 /* LionsAndTigersTests.swift in Sources */,
			);
			runOnlyForDeploymentPostprocessing = 0;
		};
/* End PBXSourcesBuildPhase section */

/* Begin PBXTargetDependency section */
		97EBD4E61A3A55990062F3D0 /* PBXTargetDependency */ = {
			isa = PBXTargetDependency;
			target = 97EBD4CE1A3A55990062F3D0 /* LionsAndTigers */;
			targetProxy = 97EBD4E51A3A55990062F3D0 /* PBXContainerItemProxy */;
		};
/* End PBXTargetDependency section */

/* Begin PBXVariantGroup section */
		97EBD4D81A3A55990062F3D0 /* Main.storyboard */ = {
			isa = PBXVariantGroup;
			children = (
				97EBD4D91A3A55990062F3D0 /* Base */,
			);
			name = Main.storyboard;
			sourceTree = "<group>";
		};
		97EBD4DD1A3A55990062F3D0 /* LaunchScreen.xib */ = {
			isa = PBXVariantGroup;
			children = (
				97EBD4DE1A3A55990062F3D0 /* Base */,
			);
			name = LaunchScreen.xib;
			sourceTree = "<group>";
		};
/* End PBXVariantGroup section */

/* Begin XCBuildConfiguration section */
		97EBD4EC1A3A55990062F3D0 /* Debug */ = {
			isa = XCBuildConfiguration;
			buildSettings = {
				ALWAYS_SEARCH_USER_PATHS = NO;
				CLANG_CXX_LANGUAGE_STANDARD = "gnu++0x";
				CLANG_CXX_LIBRARY = "libc++";
				CLANG_ENABLE_MODULES = YES;
				CLANG_ENABLE_OBJC_ARC = YES;
				CLANG_WARN_BOOL_CONVERSION = YES;
				CLANG_WARN_CONSTANT_CONVERSION = YES;
				CLANG_WARN_DIRECT_OBJC_ISA_USAGE = YES_ERROR;
				CLANG_WARN_EMPTY_BODY = YES;
				CLANG_WARN_ENUM_CONVERSION = YES;
				CLANG_WARN_INT_CONVERSION = YES;
				CLANG_WARN_OBJC_ROOT_CLASS = YES_ERROR;
				CLANG_WARN_UNREACHABLE_CODE = YES;
				CLANG_WARN__DUPLICATE_METHOD_MATCH = YES;
				"CODE_SIGN_IDENTITY[sdk=iphoneos*]" = "iPhone Developer";
				COPY_PHASE_STRIP = NO;
				ENABLE_STRICT_OBJC_MSGSEND = YES;
				GCC_C_LANGUAGE_STANDARD = gnu99;
				GCC_DYNAMIC_NO_PIC = NO;
				GCC_OPTIMIZATION_LEVEL = 0;
				GCC_PREPROCESSOR_DEFINITIONS = (
					"DEBUG=1",
					"$(inherited)",
				);
				GCC_SYMBOLS_PRIVATE_EXTERN = NO;
				GCC_WARN_64_TO_32_BIT_CONVERSION = YES;
				GCC_WARN_ABOUT_RETURN_TYPE = YES_ERROR;
				GCC_WARN_UNDECLARED_SELECTOR = YES;
				GCC_WARN_UNINITIALIZED_AUTOS = YES_AGGRESSIVE;
				GCC_WARN_UNUSED_FUNCTION = YES;
				GCC_WARN_UNUSED_VARIABLE = YES;
				IPHONEOS_DEPLOYMENT_TARGET = 8.0;
				MTL_ENABLE_DEBUG_INFO = YES;
				ONLY_ACTIVE_ARCH = YES;
				SDKROOT = iphoneos;
				SWIFT_OPTIMIZATION_LEVEL = "-Onone";
				TARGETED_DEVICE_FAMILY = "1,2";
			};
			name = Debug;
		};
		97EBD4ED1A3A55990062F3D0 /* Release */ = {
			isa = XCBuildConfiguration;
			buildSettings = {
				ALWAYS_SEARCH_USER_PATHS = NO;
				CLANG_CXX_LANGUAGE_STANDARD = "gnu++0x";
				CLANG_CXX_LIBRARY = "libc++";
				CLANG_ENABLE_MODULES = YES;
				CLANG_ENABLE_OBJC_ARC = YES;
				CLANG_WARN_BOOL_CONVERSION = YES;
				CLANG_WARN_CONSTANT_CONVERSION = YES;
				CLANG_WARN_DIRECT_OBJC_ISA_USAGE = YES_ERROR;
				CLANG_WARN_EMPTY_BODY = YES;
				CLANG_WARN_ENUM_CONVERSION = YES;
				CLANG_WARN_INT_CONVERSION = YES;
				CLANG_WARN_OBJC_ROOT_CLASS = YES_ERROR;
				CLANG_WARN_UNREACHABLE_CODE = YES;
				CLANG_WARN__DUPLICATE_METHOD_MATCH = YES;
				"CODE_SIGN_IDENTITY[sdk=iphoneos*]" = "iPhone Developer";
				COPY_PHASE_STRIP = YES;
				ENABLE_NS_ASSERTIONS = NO;
				ENABLE_STRICT_OBJC_MSGSEND = YES;
				GCC_C_LANGUAGE_STANDARD = gnu99;
				GCC_WARN_64_TO_32_BIT_CONVERSION = YES;
				GCC_WARN_ABOUT_RETURN_TYPE = YES_ERROR;
				GCC_WARN_UNDECLARED_SELECTOR = YES;
				GCC_WARN_UNINITIALIZED_AUTOS = YES_AGGRESSIVE;
				GCC_WARN_UNUSED_FUNCTION = YES;
				GCC_WARN_UNUSED_VARIABLE = YES;
				IPHONEOS_DEPLOYMENT_TARGET = 8.0;
				MTL_ENABLE_DEBUG_INFO = NO;
				SDKROOT = iphoneos;
				TARGETED_DEVICE_FAMILY = "1,2";
				VALIDATE_PRODUCT = YES;
			};
			name = Release;
		};
		97EBD4EF1A3A55990062F3D0 /* Debug */ = {
			isa = XCBuildConfiguration;
			buildSettings = {
				ASSETCATALOG_COMPILER_APPICON_NAME = AppIcon;
				INFOPLIST_FILE = LionsAndTigers/Info.plist;
				LD_RUNPATH_SEARCH_PATHS = "$(inherited) @executable_path/Frameworks";
				PRODUCT_NAME = "$(TARGET_NAME)";
			};
			name = Debug;
		};
		97EBD4F01A3A55990062F3D0 /* Release */ = {
			isa = XCBuildConfiguration;
			buildSettings = {
				ASSETCATALOG_COMPILER_APPICON_NAME = AppIcon;
				INFOPLIST_FILE = LionsAndTigers/Info.plist;
				LD_RUNPATH_SEARCH_PATHS = "$(inherited) @executable_path/Frameworks";
				PRODUCT_NAME = "$(TARGET_NAME)";
			};
			name = Release;
		};
		97EBD4F21A3A55990062F3D0 /* Debug */ = {
			isa = XCBuildConfiguration;
			buildSettings = {
				BUNDLE_LOADER = "$(TEST_HOST)";
				FRAMEWORK_SEARCH_PATHS = (
					"$(SDKROOT)/Developer/Library/Frameworks",
					"$(inherited)",
				);
				GCC_PREPROCESSOR_DEFINITIONS = (
					"DEBUG=1",
					"$(inherited)",
				);
				INFOPLIST_FILE = LionsAndTigersTests/Info.plist;
				LD_RUNPATH_SEARCH_PATHS = "$(inherited) @executable_path/Frameworks @loader_path/Frameworks";
				PRODUCT_NAME = "$(TARGET_NAME)";
				TEST_HOST = "$(BUILT_PRODUCTS_DIR)/LionsAndTigers.app/LionsAndTigers";
			};
			name = Debug;
		};
		97EBD4F31A3A55990062F3D0 /* Release */ = {
			isa = XCBuildConfiguration;
			buildSettings = {
				BUNDLE_LOADER = "$(TEST_HOST)";
				FRAMEWORK_SEARCH_PATHS = (
					"$(SDKROOT)/Developer/Library/Frameworks",
					"$(inherited)",
				);
				INFOPLIST_FILE = LionsAndTigersTests/Info.plist;
				LD_RUNPATH_SEARCH_PATHS = "$(inherited) @executable_path/Frameworks @loader_path/Frameworks";
				PRODUCT_NAME = "$(TARGET_NAME)";
				TEST_HOST = "$(BUILT_PRODUCTS_DIR)/LionsAndTigers.app/LionsAndTigers";
			};
			name = Release;
		};
/* End XCBuildConfiguration section */

/* Begin XCConfigurationList section */
		97EBD4CA1A3A55990062F3D0 /* Build configuration list for PBXProject "LionsAndTigers" */ = {
			isa = XCConfigurationList;
			buildConfigurations = (
				97EBD4EC1A3A55990062F3D0 /* Debug */,
				97EBD4ED1A3A55990062F3D0 /* Release */,
			);
			defaultConfigurationIsVisible = 0;
			defaultConfigurationName = Release;
		};
		97EBD4EE1A3A55990062F3D0 /* Build configuration list for PBXNativeTarget "LionsAndTigers" */ = {
			isa = XCConfigurationList;
			buildConfigurations = (
				97EBD4EF1A3A55990062F3D0 /* Debug */,
				97EBD4F01A3A55990062F3D0 /* Release */,
			);
			defaultConfigurationIsVisible = 0;
		};
		97EBD4F11A3A55990062F3D0 /* Build configuration list for PBXNativeTarget "LionsAndTigersTests" */ = {
			isa = XCConfigurationList;
			buildConfigurations = (
				97EBD4F21A3A55990062F3D0 /* Debug */,
				97EBD4F31A3A55990062F3D0 /* Release */,
			);
			defaultConfigurationIsVisible = 0;
		};
/* End XCConfigurationList section */
	};
	rootObject = 97EBD4C71A3A55990062F3D0 /* Project object */;
}
